
Microsoft Visual Studio Solution File, Format Version 12.00
# Visual Studio 15
VisualStudioVersion = 15.0.27703.2000
MinimumVisualStudioVersion = 10.0.40219.1
Project("{FAE04EC0-301F-11D3-BF4B-00C04F79EFBC}") = "CareerCloud.Pocos", "CareerCloud.Pocos\CareerCloud.Pocos.csproj", "{11E230C6-6475-4742-BDAB-06ED9467645C}"
EndProject
Project("{FAE04EC0-301F-11D3-BF4B-00C04F79EFBC}") = "CareerCloud.DataAccessLayer", "CareerCloud.DataAccessLayer\CareerCloud.DataAccessLayer.csproj", "{FF20FF1A-A1C4-4DC7-85A0-D2C366C9C4F1}"
EndProject
Project("{FAE04EC0-301F-11D3-BF4B-00C04F79EFBC}") = "CareerCloud.ADODataAccessLayer", "CareerCloud.ADODataAccessLayer\CareerCloud.ADODataAccessLayer.csproj", "{E151B3DC-6494-4BB1-9394-568E3F218E6C}"
EndProject
Project("{FAE04EC0-301F-11D3-BF4B-00C04F79EFBC}") = "CareerCloud.UnitTests.Assignment2", "C:\Users\Monika\source\repos\CareerCloud.UnitTests.Assignment2\CareerCloud.UnitTests.Assignment2\CareerCloud.UnitTests.Assignment2.csproj", "{6E68DDCD-CDB9-4ABF-8DF3-57AE31F474E3}"
EndProject
Global
	GlobalSection(SolutionConfigurationPlatforms) = preSolution
		Debug|Any CPU = Debug|Any CPU
		Release|Any CPU = Release|Any CPU
	EndGlobalSection
	GlobalSection(ProjectConfigurationPlatforms) = postSolution
		{11E230C6-6475-4742-BDAB-06ED9467645C}.Debug|Any CPU.ActiveCfg = Debug|Any CPU
		{11E230C6-6475-4742-BDAB-06ED9467645C}.Debug|Any CPU.Build.0 = Debug|Any CPU
		{11E230C6-6475-4742-BDAB-06ED9467645C}.Release|Any CPU.ActiveCfg = Release|Any CPU
		{11E230C6-6475-4742-BDAB-06ED9467645C}.Release|Any CPU.Build.0 = Release|Any CPU
		{FF20FF1A-A1C4-4DC7-85A0-D2C366C9C4F1}.Debug|Any CPU.ActiveCfg = Debug|Any CPU
		{FF20FF1A-A1C4-4DC7-85A0-D2C366C9C4F1}.Debug|Any CPU.Build.0 = Debug|Any CPU
		{FF20FF1A-A1C4-4DC7-85A0-D2C366C9C4F1}.Release|Any CPU.ActiveCfg = Release|Any CPU
		{FF20FF1A-A1C4-4DC7-85A0-D2C366C9C4F1}.Release|Any CPU.Build.0 = Release|Any CPU
		{E151B3DC-6494-4BB1-9394-568E3F218E6C}.Debug|Any CPU.ActiveCfg = Debug|Any CPU
		{E151B3DC-6494-4BB1-9394-568E3F218E6C}.Debug|Any CPU.Build.0 = Debug|Any CPU
		{E151B3DC-6494-4BB1-9394-568E3F218E6C}.Release|Any CPU.ActiveCfg = Release|Any CPU
		{E151B3DC-6494-4BB1-9394-568E3F218E6C}.Release|Any CPU.Build.0 = Release|Any CPU
		{6E68DDCD-CDB9-4ABF-8DF3-57AE31F474E3}.Debug|Any CPU.ActiveCfg = Debug|Any CPU
		{6E68DDCD-CDB9-4ABF-8DF3-57AE31F474E3}.Debug|Any CPU.Build.0 = Debug|Any CPU
		{6E68DDCD-CDB9-4ABF-8DF3-57AE31F474E3}.Release|Any CPU.ActiveCfg = Release|Any CPU
		{6E68DDCD-CDB9-4ABF-8DF3-57AE31F474E3}.Release|Any CPU.Build.0 = Release|Any CPU
	EndGlobalSection
	GlobalSection(SolutionProperties) = preSolution
		HideSolutionNode = FALSE
	EndGlobalSection
	GlobalSection(ExtensibilityGlobals) = postSolution
		SolutionGuid = {4E8767E5-7B19-49F9-B5CF-1ACC53B80CBB}
	EndGlobalSection
EndGlobal
